# THIS IS AN AUTOGENERATED FILE. DO NOT EDIT THIS FILE DIRECTLY.
# yarn lockfile v1


"@babel/runtime@^7.10.0", "@babel/runtime@^7.12.1":
  version "7.13.17"
  resolved "https://registry.yarnpkg.com/@babel/runtime/-/runtime-7.13.17.tgz#8966d1fc9593bf848602f0662d6b4d0069e3a7ec"
  integrity sha512-NCdgJEelPTSh+FEFylhnP1ylq848l1z9t9N0j1Lfbcw0+KXGjsTvUmkxy+voLLXB5SOKMbLLx4jxYliGrYQseA==
  dependencies:
    regenerator-runtime "^0.13.4"

final-form@^4.20.2:
  version "4.20.2"
  resolved "https://registry.yarnpkg.com/final-form/-/final-form-4.20.2.tgz#c820b37d7ebb73d71169480256a36c7e6e6c9155"
  integrity sha512-5i0IxqwjjPG1nUNCjWhqPCvQJJ2R+QwTwaAnjPmFnLbyjIHWuBPU8u+Ps4G3TcX2Sjno+O5xCZJzYcMJEzzfCQ==
  dependencies:
    "@babel/runtime" "^7.10.0"

react-final-form@^6.5.3:
  version "6.5.3"
  resolved "https://registry.yarnpkg.com/react-final-form/-/react-final-form-6.5.3.tgz#b60955837fe9d777456ae9d9c48e3e2f21547d29"
  integrity sha512-FCs6GC0AMWJl2p6YX7kM+a0AvuSLAZUgbVNtRBskOs4g984t/It0qGtx51O+9vgqnqk6JyoxmIzxKMq+7ch/vg==
  dependencies:
    "@babel/runtime" "^7.12.1"

regenerator-runtime@^0.13.4:
  version "0.13.7"
  resolved "https://registry.yarnpkg.com/regenerator-runtime/-/regenerator-runtime-0.13.7.tgz#cac2dacc8a1ea675feaabaeb8ae833898ae46f55"
  integrity sha512-a54FxoJDIr27pgf7IgeQGxmqUNYrcV338lf/6gH456HZ/PhX+5BcwHXG9ajESmwe6WRO0tAzRUrRmNONWgkrew==
